
Microsoft Visual Studio Solution File, Format Version 12.00
# Visual Studio Version 16
VisualStudioVersion = 16.0.30011.22
MinimumVisualStudioVersion = 10.0.40219.1
Project("{9A19103F-16F7-4668-BE54-9A1E7A4F7556}") = "FolderLinker", "FolderLinker.csproj", "{C9E01D3C-2285-46A3-A170-6FA1F7695760}"
EndProject
Global
	GlobalSection(SolutionConfigurationPlatforms) = preSolution
		Debug|Any CPU = Debug|Any CPU
		Release|Any CPU = Release|Any CPU
	EndGlobalSection
	GlobalSection(ProjectConfigurationPlatforms) = postSolution
		{C9E01D3C-2285-46A3-A170-6FA1F7695760}.Debug|Any CPU.ActiveCfg = Debug|Any CPU
		{C9E01D3C-2285-46A3-A170-6FA1F7695760}.Debug|Any CPU.Build.0 = Debug|Any CPU
		{C9E01D3C-2285-46A3-A170-6FA1F7695760}.Release|Any CPU.ActiveCfg = Release|Any CPU
		{C9E01D3C-2285-46A3-A170-6FA1F7695760}.Release|Any CPU.Build.0 = Release|Any CPU
	EndGlobalSection
	GlobalSection(SolutionProperties) = preSolution
		HideSolutionNode = FALSE
	EndGlobalSection
	GlobalSection(ExtensibilityGlobals) = postSolution
		SolutionGuid = {06B73A36-17AA-4220-83AA-568FC2BFDD11}
	EndGlobalSection
EndGlobal
